
Microsoft Visual Studio Solution File, Format Version 12.00
# Visual Studio Version 17
VisualStudioVersion = 17.2.32616.157
MinimumVisualStudioVersion = 10.0.40219.1
Project("{9A19103F-16F7-4668-BE54-9A1E7A4F7556}") = "LottieSharp.WPF", "LottieSharp.WPF\LottieSharp.WPF.csproj", "{1E462781-7B73-40C2-B1F4-06A23E83C646}"
EndProject
Project("{9A19103F-16F7-4668-BE54-9A1E7A4F7556}") = "LottieSharp.WPF.Demo", "LottieSharp.WPF.Demo\LottieSharp.WPF.Demo.csproj", "{3E81D8B5-40EE-4111-A68E-F12D9486B386}"
EndProject
Global
	GlobalSection(SolutionConfigurationPlatforms) = preSolution
		Debug|Any CPU = Debug|Any CPU
		Debug|x64 = Debug|x64
		Release|Any CPU = Release|Any CPU
		Release|x64 = Release|x64
	EndGlobalSection
	GlobalSection(ProjectConfigurationPlatforms) = postSolution
		{1E462781-7B73-40C2-B1F4-06A23E83C646}.Debug|Any CPU.ActiveCfg = Release|Any CPU
		{1E462781-7B73-40C2-B1F4-06A23E83C646}.Debug|Any CPU.Build.0 = Release|Any CPU
		{1E462781-7B73-40C2-B1F4-06A23E83C646}.Debug|x64.ActiveCfg = Debug|x64
		{1E462781-7B73-40C2-B1F4-06A23E83C646}.Debug|x64.Build.0 = Debug|x64
		{1E462781-7B73-40C2-B1F4-06A23E83C646}.Release|Any CPU.ActiveCfg = Release|Any CPU
		{1E462781-7B73-40C2-B1F4-06A23E83C646}.Release|Any CPU.Build.0 = Release|Any CPU
		{1E462781-7B73-40C2-B1F4-06A23E83C646}.Release|x64.ActiveCfg = Release|x64
		{1E462781-7B73-40C2-B1F4-06A23E83C646}.Release|x64.Build.0 = Release|x64
		{3E81D8B5-40EE-4111-A68E-F12D9486B386}.Debug|Any CPU.ActiveCfg = Debug|Any CPU
		{3E81D8B5-40EE-4111-A68E-F12D9486B386}.Debug|Any CPU.Build.0 = Debug|Any CPU
		{3E81D8B5-40EE-4111-A68E-F12D9486B386}.Debug|x64.ActiveCfg = Debug|x64
		{3E81D8B5-40EE-4111-A68E-F12D9486B386}.Debug|x64.Build.0 = Debug|x64
		{3E81D8B5-40EE-4111-A68E-F12D9486B386}.Release|Any CPU.ActiveCfg = Release|Any CPU
		{3E81D8B5-40EE-4111-A68E-F12D9486B386}.Release|Any CPU.Build.0 = Release|Any CPU
		{3E81D8B5-40EE-4111-A68E-F12D9486B386}.Release|x64.ActiveCfg = Release|x64
		{3E81D8B5-40EE-4111-A68E-F12D9486B386}.Release|x64.Build.0 = Release|x64
	EndGlobalSection
	GlobalSection(SolutionProperties) = preSolution
		HideSolutionNode = FALSE
	EndGlobalSection
	GlobalSection(ExtensibilityGlobals) = postSolution
		SolutionGuid = {3CA878F9-AC01-42C4-9E2D-BE1C28AF654E}
	EndGlobalSection
EndGlobal
