
Microsoft Visual Studio Solution File, Format Version 12.00
# Visual Studio Version 16
VisualStudioVersion = 16.0.30114.105
MinimumVisualStudioVersion = 10.0.40219.1
Project("{FAE04EC0-301F-11D3-BF4B-00C04F79EFBC}") = "LottieSharp.Sample", "LottieSharp.Sample\LottieSharp.Sample.csproj", "{3E0947E6-1026-4AE1-88C0-56DA2524E620}"
EndProject
Project("{9A19103F-16F7-4668-BE54-9A1E7A4F7556}") = "LottieSharp", "LottieSharp\LottieSharp.csproj", "{2B90EE6C-CD08-42A5-998B-A67DC7DA6688}"
EndProject
Global
	GlobalSection(SolutionConfigurationPlatforms) = preSolution
		Debug|Any CPU = Debug|Any CPU
		Release|Any CPU = Release|Any CPU
	EndGlobalSection
	GlobalSection(ProjectConfigurationPlatforms) = postSolution
		{3E0947E6-1026-4AE1-88C0-56DA2524E620}.Debug|Any CPU.ActiveCfg = Debug|Any CPU
		{3E0947E6-1026-4AE1-88C0-56DA2524E620}.Debug|Any CPU.Build.0 = Debug|Any CPU
		{3E0947E6-1026-4AE1-88C0-56DA2524E620}.Release|Any CPU.ActiveCfg = Release|Any CPU
		{3E0947E6-1026-4AE1-88C0-56DA2524E620}.Release|Any CPU.Build.0 = Release|Any CPU
		{2B90EE6C-CD08-42A5-998B-A67DC7DA6688}.Debug|Any CPU.ActiveCfg = Debug|Any CPU
		{2B90EE6C-CD08-42A5-998B-A67DC7DA6688}.Debug|Any CPU.Build.0 = Debug|Any CPU
		{2B90EE6C-CD08-42A5-998B-A67DC7DA6688}.Release|Any CPU.ActiveCfg = Release|Any CPU
		{2B90EE6C-CD08-42A5-998B-A67DC7DA6688}.Release|Any CPU.Build.0 = Release|Any CPU
	EndGlobalSection
	GlobalSection(SolutionProperties) = preSolution
		HideSolutionNode = FALSE
	EndGlobalSection
	GlobalSection(ExtensibilityGlobals) = postSolution
		SolutionGuid = {63CDDB76-CB25-4293-B337-2A64C17AC327}
	EndGlobalSection
EndGlobal
